
Microsoft Visual Studio Solution File, Format Version 12.00
# Visual Studio Version 17
VisualStudioVersion = 17.3.32922.545
MinimumVisualStudioVersion = 10.0.40219.1
Project("{FAE04EC0-301F-11D3-BF4B-00C04F79EFBC}") = "Ponomarenko_Exam_Dictionary", "Ponomarenko_Exam_Dictionary.csproj", "{0528D6A9-4E08-4AD7-A801-F69145FA1F59}"
EndProject
Global
	GlobalSection(SolutionConfigurationPlatforms) = preSolution
		Debug|Any CPU = Debug|Any CPU
		Release|Any CPU = Release|Any CPU
	EndGlobalSection
	GlobalSection(ProjectConfigurationPlatforms) = postSolution
		{0528D6A9-4E08-4AD7-A801-F69145FA1F59}.Debug|Any CPU.ActiveCfg = Debug|Any CPU
		{0528D6A9-4E08-4AD7-A801-F69145FA1F59}.Debug|Any CPU.Build.0 = Debug|Any CPU
		{0528D6A9-4E08-4AD7-A801-F69145FA1F59}.Release|Any CPU.ActiveCfg = Release|Any CPU
		{0528D6A9-4E08-4AD7-A801-F69145FA1F59}.Release|Any CPU.Build.0 = Release|Any CPU
	EndGlobalSection
	GlobalSection(SolutionProperties) = preSolution
		HideSolutionNode = FALSE
	EndGlobalSection
	GlobalSection(ExtensibilityGlobals) = postSolution
		SolutionGuid = {E2B0393D-1CC7-4C6F-B929-852C1374B42C}
	EndGlobalSection
EndGlobal
